# THIS IS AN AUTOGENERATED FILE. DO NOT EDIT THIS FILE DIRECTLY.
# yarn lockfile v1


bootstrap@4.0.0-beta:
  version "4.0.0-beta"
  resolved "https://registry.yarnpkg.com/bootstrap/-/bootstrap-4.0.0-beta.tgz#dc5928175d2e71310bc668cf9e05a907211b72a6"

font-awesome@^4.7.0:
  version "4.7.0"
  resolved "https://registry.yarnpkg.com/font-awesome/-/font-awesome-4.7.0.tgz#8fa8cf0411a1a31afd07b06d2902bb9fc815a133"

jquery@^3.2.1:
  version "3.2.1"
  resolved "https://registry.yarnpkg.com/jquery/-/jquery-3.2.1.tgz#5c4d9de652af6cd0a770154a631bba12b015c787"

katex@^0.7.1:
  version "0.7.1"
  resolved "https://registry.yarnpkg.com/katex/-/katex-0.7.1.tgz#06bb5298efad05e1e7228035ba8e1591f3061b8f"
  dependencies:
    match-at "^0.1.0"

match-at@^0.1.0:
  version "0.1.0"
  resolved "https://registry.yarnpkg.com/match-at/-/match-at-0.1.0.tgz#f561e7709ff9a105b85cc62c6b8ee7c15bf24f31"

popper.js@^1.11.1:
  version "1.12.5"
  resolved "https://registry.yarnpkg.com/popper.js/-/popper.js-1.12.5.tgz#229e4dea01629e1f1a1e26991ffade5024220fa6"
